
Microsoft Visual Studio Solution File, Format Version 12.00
# Visual Studio Version 17
VisualStudioVersion = 17.3.32825.248
MinimumVisualStudioVersion = 10.0.40219.1
Project("{FAE04EC0-301F-11D3-BF4B-00C04F79EFBC}") = "PROYECTO_PERSONAL", "PROYECTO_PERSONAL\PROYECTO_PERSONAL.csproj", "{8FC8CBF2-0770-4E04-B953-874FE28B14CC}"
EndProject
Global
	GlobalSection(SolutionConfigurationPlatforms) = preSolution
		Debug|Any CPU = Debug|Any CPU
		Release|Any CPU = Release|Any CPU
	EndGlobalSection
	GlobalSection(ProjectConfigurationPlatforms) = postSolution
		{8FC8CBF2-0770-4E04-B953-874FE28B14CC}.Debug|Any CPU.ActiveCfg = Debug|Any CPU
		{8FC8CBF2-0770-4E04-B953-874FE28B14CC}.Debug|Any CPU.Build.0 = Debug|Any CPU
		{8FC8CBF2-0770-4E04-B953-874FE28B14CC}.Release|Any CPU.ActiveCfg = Release|Any CPU
		{8FC8CBF2-0770-4E04-B953-874FE28B14CC}.Release|Any CPU.Build.0 = Release|Any CPU
	EndGlobalSection
	GlobalSection(SolutionProperties) = preSolution
		HideSolutionNode = FALSE
	EndGlobalSection
	GlobalSection(ExtensibilityGlobals) = postSolution
		SolutionGuid = {6E1419F0-45AC-4518-A48C-399AF1A50FF5}
	EndGlobalSection
EndGlobal
